
Microsoft Visual Studio Solution File, Format Version 12.00
# Visual Studio 15
VisualStudioVersion = 15.0.28307.539
MinimumVisualStudioVersion = 10.0.40219.1
Project("{9A19103F-16F7-4668-BE54-9A1E7A4F7556}") = "Hub.Image", "Hub.Image\Hub.Image.csproj", "{0DAC384C-38B8-4379-9BC5-657E99EE1A98}"
EndProject
Project("{FAE04EC0-301F-11D3-BF4B-00C04F79EFBC}") = "Hub.Image.Generator", "Hub.Image.Generator\Hub.Image.Generator.csproj", "{77B8ECB1-899D-4D7E-ABE9-CD8E20DC0FDC}"
EndProject
Project("{FAE04EC0-301F-11D3-BF4B-00C04F79EFBC}") = "Hub.Image.Upload", "Hub.Image.Upload\Hub.Image.Upload.csproj", "{3251D8F4-BAB1-481D-A204-70A675F44293}"
EndProject
Project("{FAE04EC0-301F-11D3-BF4B-00C04F79EFBC}") = "Hub.Image.Generator.Tests", "Hub.Image.Generator.Tests\Hub.Image.Generator.Tests.csproj", "{B58F0BD4-FBCC-4859-A09A-05CA808675B1}"
EndProject
Global
	GlobalSection(SolutionConfigurationPlatforms) = preSolution
		Debug|Any CPU = Debug|Any CPU
		Release|Any CPU = Release|Any CPU
	EndGlobalSection
	GlobalSection(ProjectConfigurationPlatforms) = postSolution
		{0DAC384C-38B8-4379-9BC5-657E99EE1A98}.Debug|Any CPU.ActiveCfg = Debug|Any CPU
		{0DAC384C-38B8-4379-9BC5-657E99EE1A98}.Debug|Any CPU.Build.0 = Debug|Any CPU
		{0DAC384C-38B8-4379-9BC5-657E99EE1A98}.Release|Any CPU.ActiveCfg = Release|Any CPU
		{0DAC384C-38B8-4379-9BC5-657E99EE1A98}.Release|Any CPU.Build.0 = Release|Any CPU
		{77B8ECB1-899D-4D7E-ABE9-CD8E20DC0FDC}.Debug|Any CPU.ActiveCfg = Debug|Any CPU
		{77B8ECB1-899D-4D7E-ABE9-CD8E20DC0FDC}.Debug|Any CPU.Build.0 = Debug|Any CPU
		{77B8ECB1-899D-4D7E-ABE9-CD8E20DC0FDC}.Release|Any CPU.ActiveCfg = Release|Any CPU
		{77B8ECB1-899D-4D7E-ABE9-CD8E20DC0FDC}.Release|Any CPU.Build.0 = Release|Any CPU
		{3251D8F4-BAB1-481D-A204-70A675F44293}.Debug|Any CPU.ActiveCfg = Debug|Any CPU
		{3251D8F4-BAB1-481D-A204-70A675F44293}.Debug|Any CPU.Build.0 = Debug|Any CPU
		{3251D8F4-BAB1-481D-A204-70A675F44293}.Release|Any CPU.ActiveCfg = Release|Any CPU
		{3251D8F4-BAB1-481D-A204-70A675F44293}.Release|Any CPU.Build.0 = Release|Any CPU
		{B58F0BD4-FBCC-4859-A09A-05CA808675B1}.Debug|Any CPU.ActiveCfg = Debug|Any CPU
		{B58F0BD4-FBCC-4859-A09A-05CA808675B1}.Debug|Any CPU.Build.0 = Debug|Any CPU
		{B58F0BD4-FBCC-4859-A09A-05CA808675B1}.Release|Any CPU.ActiveCfg = Release|Any CPU
		{B58F0BD4-FBCC-4859-A09A-05CA808675B1}.Release|Any CPU.Build.0 = Release|Any CPU
	EndGlobalSection
	GlobalSection(SolutionProperties) = preSolution
		HideSolutionNode = FALSE
	EndGlobalSection
	GlobalSection(ExtensibilityGlobals) = postSolution
		SolutionGuid = {3D3D601F-DD81-477C-B54E-43A245246A08}
	EndGlobalSection
EndGlobal
